// !$*UTF8*$!
{
	archiveVersion = 1;
	classes = {
	};
	objectVersion = 56;
	objects = {

/* Begin PBXBuildFile section */
		70D7933D2C0E219900AFFC15 /* main.swift in Sources */ = {isa = PBXBuildFile; fileRef = 70D7933C2C0E219900AFFC15 /* main.swift */; };
/* End PBXBuildFile section */

/* Begin PBXCopyFilesBuildPhase section */
		7031E3DC2ABD7F830027DC0A /* CopyFiles */ = {
			isa = PBXCopyFilesBuildPhase;
			buildActionMask = 2147483647;
			dstPath = /usr/share/man/man1/;
			dstSubfolderSpec = 0;
			files = (
			);
			runOnlyForDeploymentPostprocessing = 1;
		};
/* End PBXCopyFilesBuildPhase section */

/* Begin PBXFileReference section */
		700012F12B72580300803BCF /* 킹(아스키코드).swift */ = {isa = PBXFileReference; lastKnownFileType = sourcecode.swift; path = "킹(아스키코드).swift"; sourceTree = "<group>"; };
		700012F32B7382C100803BCF /* 종이자르기.swift */ = {isa = PBXFileReference; lastKnownFileType = sourcecode.swift; path = "종이자르기.swift"; sourceTree = "<group>"; };
		700012F52B74E35800803BCF /* 3의 배수.swift */ = {isa = PBXFileReference; lastKnownFileType = sourcecode.swift; path = "3의 배수.swift"; sourceTree = "<group>"; };
		700012F72B74EAF800803BCF /* 비밀번호 발음하기.swift */ = {isa = PBXFileReference; lastKnownFileType = sourcecode.swift; path = "비밀번호 발음하기.swift"; sourceTree = "<group>"; };
		700012F92B75010F00803BCF /* 단어 나누기.swift */ = {isa = PBXFileReference; lastKnownFileType = sourcecode.swift; path = "단어 나누기.swift"; sourceTree = "<group>"; };
		700012FB2B7619DC00803BCF /* 자리배정(런타임).swift */ = {isa = PBXFileReference; lastKnownFileType = sourcecode.swift; path = "자리배정(런타임).swift"; sourceTree = "<group>"; };
		700012FD2B77852200803BCF /* 등수 구하기(랭킹).swift */ = {isa = PBXFileReference; lastKnownFileType = sourcecode.swift; path = "등수 구하기(랭킹).swift"; sourceTree = "<group>"; };
		7001DA782B6793350037D599 /* 빙고.swift */ = {isa = PBXFileReference; lastKnownFileType = sourcecode.swift; path = "빙고.swift"; sourceTree = "<group>"; };
		7001DA7A2B67CB870037D599 /* 폴리오미노.swift */ = {isa = PBXFileReference; lastKnownFileType = sourcecode.swift; path = "폴리오미노.swift"; sourceTree = "<group>"; };
		7001DA7C2B67D5560037D599 /* 생일.swift */ = {isa = PBXFileReference; lastKnownFileType = sourcecode.swift; path = "생일.swift"; sourceTree = "<group>"; };
		7001DA7E2B6A45B20037D599 /* 누울 자리를 찾아라.swift */ = {isa = PBXFileReference; lastKnownFileType = sourcecode.swift; path = "누울 자리를 찾아라.swift"; sourceTree = "<group>"; };
		7001DA802B6A63080037D599 /* solved.ac.swift */ = {isa = PBXFileReference; lastKnownFileType = sourcecode.swift; path = solved.ac.swift; sourceTree = "<group>"; };
		7001DA822B6AB4BA0037D599 /* 트럭(실패).swift */ = {isa = PBXFileReference; lastKnownFileType = sourcecode.swift; path = "트럭(실패).swift"; sourceTree = "<group>"; };
		7001DA842B6D1E680037D599 /* 성적 통계.swift */ = {isa = PBXFileReference; lastKnownFileType = sourcecode.swift; path = "성적 통계.swift"; sourceTree = "<group>"; };
		7001DA862B6D3CDD0037D599 /* 우선순위 큐, 힙.swift */ = {isa = PBXFileReference; lastKnownFileType = sourcecode.swift; path = "우선순위 큐, 힙.swift"; sourceTree = "<group>"; };
		7031E3DE2ABD7F830027DC0A /* Algorithm */ = {isa = PBXFileReference; explicitFileType = "compiled.mach-o.executable"; includeInIndex = 0; path = Algorithm; sourceTree = BUILT_PRODUCTS_DIR; };
		7031E3E12ABD7F830027DC0A /* 숫자의 합.swift */ = {isa = PBXFileReference; lastKnownFileType = sourcecode.swift; path = "숫자의 합.swift"; sourceTree = "<group>"; };
		7031E3E92ABD82D20027DC0A /* OX퀴즈.swift */ = {isa = PBXFileReference; lastKnownFileType = sourcecode.swift; path = "OX퀴즈.swift"; sourceTree = "<group>"; };
		7031E3EC2ABD84DF0027DC0A /* 나머지.swift */ = {isa = PBXFileReference; lastKnownFileType = sourcecode.swift; path = "나머지.swift"; sourceTree = "<group>"; };
		7031E3EE2ABD86B10027DC0A /* 최댓값.swift */ = {isa = PBXFileReference; lastKnownFileType = sourcecode.swift; path = "최댓값.swift"; sourceTree = "<group>"; };
		7031E3F02ABD91A40027DC0A /* 단어의 개수.swift */ = {isa = PBXFileReference; lastKnownFileType = sourcecode.swift; path = "단어의 개수.swift"; sourceTree = "<group>"; };
		7031E3F22ABDB7B30027DC0A /* 셀프 넘버.swift */ = {isa = PBXFileReference; lastKnownFileType = sourcecode.swift; path = "셀프 넘버.swift"; sourceTree = "<group>"; };
		7031E3F42ABEB4B60027DC0A /* 그룹 단어 체커.swift */ = {isa = PBXFileReference; lastKnownFileType = sourcecode.swift; path = "그룹 단어 체커.swift"; sourceTree = "<group>"; };
		7031E3F62ABEB93F0027DC0A /* 스택.swift */ = {isa = PBXFileReference; lastKnownFileType = sourcecode.swift; path = "스택.swift"; sourceTree = "<group>"; };
		7031E3F82ABEBEA50027DC0A /* 크로아티아 알파벳.swift */ = {isa = PBXFileReference; lastKnownFileType = sourcecode.swift; path = "크로아티아 알파벳.swift"; sourceTree = "<group>"; };
		7031E3FA2ABEC1B30027DC0A /* 분수찾기.swift */ = {isa = PBXFileReference; lastKnownFileType = sourcecode.swift; path = "분수찾기.swift"; sourceTree = "<group>"; };
		7031E3FD2AC00CBF0027DC0A /* 제로.swift */ = {isa = PBXFileReference; lastKnownFileType = sourcecode.swift; path = "제로.swift"; sourceTree = "<group>"; };
		7031E3FF2AC0122F0027DC0A /* 덩치.swift */ = {isa = PBXFileReference; lastKnownFileType = sourcecode.swift; path = "덩치.swift"; sourceTree = "<group>"; };
		7031E4012AC01C3F0027DC0A /* 통계학.swift */ = {isa = PBXFileReference; lastKnownFileType = sourcecode.swift; path = "통계학.swift"; sourceTree = "<group>"; };
		7031E4032AC078020027DC0A /* 그룹단어체커.swift */ = {isa = PBXFileReference; lastKnownFileType = sourcecode.swift; path = "그룹단어체커.swift"; sourceTree = "<group>"; };
		7031E4052AC40B2C0027DC0A /* 소트인사이드.swift */ = {isa = PBXFileReference; lastKnownFileType = sourcecode.swift; path = "소트인사이드.swift"; sourceTree = "<group>"; };
		7031E4092AC40C5E0027DC0A /* 잃어버린 괄호.swift */ = {isa = PBXFileReference; lastKnownFileType = sourcecode.swift; path = "잃어버린 괄호.swift"; sourceTree = "<group>"; };
		7031E40B2AC414EF0027DC0A /* 듣보잡.swift */ = {isa = PBXFileReference; lastKnownFileType = sourcecode.swift; path = "듣보잡.swift"; sourceTree = "<group>"; };
		7031E40D2AC41FBE0027DC0A /* AC.swift */ = {isa = PBXFileReference; lastKnownFileType = sourcecode.swift; path = AC.swift; sourceTree = "<group>"; };
		7031E40F2AC6B6410027DC0A /* 문자열 집합.swift */ = {isa = PBXFileReference; lastKnownFileType = sourcecode.swift; path = "문자열 집합.swift"; sourceTree = "<group>"; };
		7031E4112AC6C2480027DC0A /* 문자열폭발.swift */ = {isa = PBXFileReference; lastKnownFileType = sourcecode.swift; path = "문자열폭발.swift"; sourceTree = "<group>"; };
		7031E4132AC9B2020027DC0A /* DFS와 BFS.swift */ = {isa = PBXFileReference; lastKnownFileType = sourcecode.swift; path = "DFS와 BFS.swift"; sourceTree = "<group>"; };
		7031E4162ACC45E40027DC0A /* 미로탐색.swift */ = {isa = PBXFileReference; lastKnownFileType = sourcecode.swift; path = "미로탐색.swift"; sourceTree = "<group>"; };
		7031E4182ACD3FA50027DC0A /* 적녹색약(미).swift */ = {isa = PBXFileReference; lastKnownFileType = sourcecode.swift; path = "적녹색약(미).swift"; sourceTree = "<group>"; };
		703273B62ACEC493002396D4 /* 섬의 개수.swift */ = {isa = PBXFileReference; lastKnownFileType = sourcecode.swift; path = "섬의 개수.swift"; sourceTree = "<group>"; };
		703273B82AD00C0C002396D4 /* 안전영역.swift */ = {isa = PBXFileReference; lastKnownFileType = sourcecode.swift; path = "안전영역.swift"; sourceTree = "<group>"; };
		703273BA2AD172DC002396D4 /* 경로찾기(미).swift */ = {isa = PBXFileReference; lastKnownFileType = sourcecode.swift; path = "경로찾기(미).swift"; sourceTree = "<group>"; };
		703273BC2AD2C952002396D4 /* 영역구하기.swift */ = {isa = PBXFileReference; lastKnownFileType = sourcecode.swift; path = "영역구하기.swift"; sourceTree = "<group>"; };
		703273BE2AD304E9002396D4 /* A -> B.swift */ = {isa = PBXFileReference; lastKnownFileType = sourcecode.swift; path = "A -> B.swift"; sourceTree = "<group>"; };
		703273C02AD315D6002396D4 /* 사촌.swift */ = {isa = PBXFileReference; lastKnownFileType = sourcecode.swift; path = "사촌.swift"; sourceTree = "<group>"; };
		7032FD362B4A99D200B8481C /* 토마토.swift */ = {isa = PBXFileReference; lastKnownFileType = sourcecode.swift; path = "토마토.swift"; sourceTree = "<group>"; };
		7032FD382B4AEB3200B8481C /* 숨바꼭질3.swift */ = {isa = PBXFileReference; lastKnownFileType = sourcecode.swift; path = "숨바꼭질3.swift"; sourceTree = "<group>"; };
		7032FD3A2B4BC39A00B8481C /* 촌수.swift */ = {isa = PBXFileReference; lastKnownFileType = sourcecode.swift; path = "촌수.swift"; sourceTree = "<group>"; };
		7032FD3C2B4BE82F00B8481C /* 스타트링크.swift */ = {isa = PBXFileReference; lastKnownFileType = sourcecode.swift; path = "스타트링크.swift"; sourceTree = "<group>"; };
		7032FD3E2B4D7AF600B8481C /* 그림.swift */ = {isa = PBXFileReference; lastKnownFileType = sourcecode.swift; path = "그림.swift"; sourceTree = "<group>"; };
		7032FD412B4D99F700B8481C /* 불!.swift */ = {isa = PBXFileReference; lastKnownFileType = sourcecode.swift; path = "불!.swift"; sourceTree = "<group>"; };
		7032FD432B4FDFE200B8481C /* 1로 만들기.swift */ = {isa = PBXFileReference; lastKnownFileType = sourcecode.swift; path = "1로 만들기.swift"; sourceTree = "<group>"; };
		7032FD482B4FF17300B8481C /* 1, 2, 3 더하기.swift */ = {isa = PBXFileReference; lastKnownFileType = sourcecode.swift; path = "1, 2, 3 더하기.swift"; sourceTree = "<group>"; };
		7032FD4A2B500D4E00B8481C /* 계단오르기.swift */ = {isa = PBXFileReference; lastKnownFileType = sourcecode.swift; path = "계단오르기.swift"; sourceTree = "<group>"; };
		7032FD4C2B5079A000B8481C /* 피보나치함수.swift */ = {isa = PBXFileReference; lastKnownFileType = sourcecode.swift; path = "피보나치함수.swift"; sourceTree = "<group>"; };
		7032FD4E2B51568600B8481C /* 2xn 타일링.swift */ = {isa = PBXFileReference; lastKnownFileType = sourcecode.swift; path = "2xn 타일링.swift"; sourceTree = "<group>"; };
		7032FD502B515DCE00B8481C /* RGB거리.swift */ = {isa = PBXFileReference; lastKnownFileType = sourcecode.swift; path = "RGB거리.swift"; sourceTree = "<group>"; };
		7032FD522B51C0A100B8481C /* 구간 합 구하기4.swift */ = {isa = PBXFileReference; lastKnownFileType = sourcecode.swift; path = "구간 합 구하기4.swift"; sourceTree = "<group>"; };
		7032FD542B529F1600B8481C /* 연속합.swift */ = {isa = PBXFileReference; lastKnownFileType = sourcecode.swift; path = "연속합.swift"; sourceTree = "<group>"; };
		7032FD562B52D2F100B8481C /* 평범한 배낭.swift */ = {isa = PBXFileReference; lastKnownFileType = sourcecode.swift; path = "평범한 배낭.swift"; sourceTree = "<group>"; };
		7032FD582B55686A00B8481C /* 동전1.swift */ = {isa = PBXFileReference; lastKnownFileType = sourcecode.swift; path = "동전1.swift"; sourceTree = "<group>"; };
		7032FD5F2B59782900B8481C /* 30.swift */ = {isa = PBXFileReference; lastKnownFileType = sourcecode.swift; path = 30.swift; sourceTree = "<group>"; };
		7032FD612B5BC0BD00B8481C /* 뒤집기.swift */ = {isa = PBXFileReference; lastKnownFileType = sourcecode.swift; path = "뒤집기.swift"; sourceTree = "<group>"; };
		7032FD632B5C0FE700B8481C /* 베스트셀러.swift */ = {isa = PBXFileReference; lastKnownFileType = sourcecode.swift; path = "베스트셀러.swift"; sourceTree = "<group>"; };
		7032FD652B5D289F00B8481C /* 전화번호 목록.swift */ = {isa = PBXFileReference; lastKnownFileType = sourcecode.swift; path = "전화번호 목록.swift"; sourceTree = "<group>"; };
		7032FD672B5D3EA000B8481C /* A와 B.swift */ = {isa = PBXFileReference; lastKnownFileType = sourcecode.swift; path = "A와 B.swift"; sourceTree = "<group>"; };
		7032FD692B5D5E1B00B8481C /* 한국이 그리울 땐 서버에 접속하지.swift */ = {isa = PBXFileReference; lastKnownFileType = sourcecode.swift; path = "한국이 그리울 땐 서버에 접속하지.swift"; sourceTree = "<group>"; };
		7032FD6B2B5E60DD00B8481C /* 균형잡힌 세상.swift */ = {isa = PBXFileReference; lastKnownFileType = sourcecode.swift; path = "균형잡힌 세상.swift"; sourceTree = "<group>"; };
		7032FD6D2B5EA5C400B8481C /* 접미사 배열.swift */ = {isa = PBXFileReference; lastKnownFileType = sourcecode.swift; path = "접미사 배열.swift"; sourceTree = "<group>"; };
		7032FD6F2B5EA93A00B8481C /* 서로 다른 부분 문자열의 개수.swift */ = {isa = PBXFileReference; lastKnownFileType = sourcecode.swift; path = "서로 다른 부분 문자열의 개수.swift"; sourceTree = "<group>"; };
		7032FD712B5EB27700B8481C /* 공통 부분 문자열.swift */ = {isa = PBXFileReference; lastKnownFileType = sourcecode.swift; path = "공통 부분 문자열.swift"; sourceTree = "<group>"; };
		7032FD732B60F9A500B8481C /* 마인크래프트(실패).swift */ = {isa = PBXFileReference; lastKnownFileType = sourcecode.swift; path = "마인크래프트(실패).swift"; sourceTree = "<group>"; };
		7032FD752B624D3600B8481C /* 팰린드롬만들기(실패).swift */ = {isa = PBXFileReference; lastKnownFileType = sourcecode.swift; path = "팰린드롬만들기(실패).swift"; sourceTree = "<group>"; };
		7032FD772B63C9A200B8481C /* 숫자 정사각형.swift */ = {isa = PBXFileReference; lastKnownFileType = sourcecode.swift; path = "숫자 정사각형.swift"; sourceTree = "<group>"; };
		7032FD792B63EA8900B8481C /* 한줄로 서기.swift */ = {isa = PBXFileReference; lastKnownFileType = sourcecode.swift; path = "한줄로 서기.swift"; sourceTree = "<group>"; };
		7032FD7B2B65012500B8481C /* 2차원 배열의 합.swift */ = {isa = PBXFileReference; lastKnownFileType = sourcecode.swift; path = "2차원 배열의 합.swift"; sourceTree = "<group>"; };
		7032FD7D2B651DEE00B8481C /* 사탕 게임(실패).swift */ = {isa = PBXFileReference; lastKnownFileType = sourcecode.swift; path = "사탕 게임(실패).swift"; sourceTree = "<group>"; };
		7032FD7F2B65539400B8481C /* 수 이어 쓰기 1.swift */ = {isa = PBXFileReference; lastKnownFileType = sourcecode.swift; path = "수 이어 쓰기 1.swift"; sourceTree = "<group>"; };
		7032FD832B663A8D00B8481C /* 에라토스테네스의 체.swift */ = {isa = PBXFileReference; lastKnownFileType = sourcecode.swift; path = "에라토스테네스의 체.swift"; sourceTree = "<group>"; };
		7032FD852B66519600B8481C /* 스위치 켜고 끄기.swift */ = {isa = PBXFileReference; lastKnownFileType = sourcecode.swift; path = "스위치 켜고 끄기.swift"; sourceTree = "<group>"; };
		7032FD872B678E7300B8481C /* 카드1.swift */ = {isa = PBXFileReference; lastKnownFileType = sourcecode.swift; path = "카드1.swift"; sourceTree = "<group>"; };
		70430A7D2B7B897000B64545 /* 후보 추천하기.swift */ = {isa = PBXFileReference; lastKnownFileType = sourcecode.swift; path = "후보 추천하기.swift"; sourceTree = "<group>"; };
		70430A7F2B7CEF0C00B64545 /* 점프 점프.swift */ = {isa = PBXFileReference; lastKnownFileType = sourcecode.swift; path = "점프 점프.swift"; sourceTree = "<group>"; };
		70430A832B80E32400B64545 /* 양.swift */ = {isa = PBXFileReference; lastKnownFileType = sourcecode.swift; path = "양.swift"; sourceTree = "<group>"; };
		70747C892B46E629001F08EE /* 단어뒤집기2.swift */ = {isa = PBXFileReference; lastKnownFileType = sourcecode.swift; path = "단어뒤집기2.swift"; sourceTree = "<group>"; };
		70747C8B2B470D2E001F08EE /* 참외밭.swift */ = {isa = PBXFileReference; lastKnownFileType = sourcecode.swift; path = "참외밭.swift"; sourceTree = "<group>"; };
		70747C8D2B49095C001F08EE /* 숫자야구.swift */ = {isa = PBXFileReference; lastKnownFileType = sourcecode.swift; path = "숫자야구.swift"; sourceTree = "<group>"; };
		70747C8F2B49A130001F08EE /* 연결요소의개수.swift */ = {isa = PBXFileReference; lastKnownFileType = sourcecode.swift; path = "연결요소의개수.swift"; sourceTree = "<group>"; };
		70903C972AE3B92B00C6FEF0 /* 셀프넘버.swift */ = {isa = PBXFileReference; lastKnownFileType = sourcecode.swift; path = "셀프넘버.swift"; sourceTree = "<group>"; };
		709AB6422B77B5F3004B0F59 /* 후보 추천하기(실패).swift */ = {isa = PBXFileReference; lastKnownFileType = sourcecode.swift; path = "후보 추천하기(실패).swift"; sourceTree = "<group>"; };
		70A731B82B836134007EA1B4 /* 전쟁 - 전투.swift */ = {isa = PBXFileReference; lastKnownFileType = sourcecode.swift; path = "전쟁 - 전투.swift"; sourceTree = "<group>"; };
		70A731BA2B838BFB007EA1B4 /* 헌내기는 친구가 필요해.swift */ = {isa = PBXFileReference; lastKnownFileType = sourcecode.swift; path = "헌내기는 친구가 필요해.swift"; sourceTree = "<group>"; };
		70A731BC2B839148007EA1B4 /* 아기 상어 2.swift */ = {isa = PBXFileReference; lastKnownFileType = sourcecode.swift; path = "아기 상어 2.swift"; sourceTree = "<group>"; };
		70AD2A6A2B877AA100CB9791 /* 데스 나이트.swift */ = {isa = PBXFileReference; lastKnownFileType = sourcecode.swift; path = "데스 나이트.swift"; sourceTree = "<group>"; };
		70AD2A7C2B8B5DFA00CB9791 /* 침투.swift */ = {isa = PBXFileReference; lastKnownFileType = sourcecode.swift; path = "침투.swift"; sourceTree = "<group>"; };
		70AD2A7E2B8B7D6A00CB9791 /* 연구소.swift */ = {isa = PBXFileReference; lastKnownFileType = sourcecode.swift; path = "연구소.swift"; sourceTree = "<group>"; };
		70AD2A862B8DE70E00CB9791 /* 균형잡힌 세상.swift */ = {isa = PBXFileReference; lastKnownFileType = sourcecode.swift; path = "균형잡힌 세상.swift"; sourceTree = "<group>"; };
		70AD2A882B8E1A0400CB9791 /* 숨바꼭질.swift */ = {isa = PBXFileReference; lastKnownFileType = sourcecode.swift; path = "숨바꼭질.swift"; sourceTree = "<group>"; };
		70AD2A932B932CF800CB9791 /* N과 M(1).swift */ = {isa = PBXFileReference; lastKnownFileType = sourcecode.swift; path = "N과 M(1).swift"; sourceTree = "<group>"; };
		70AD2A9B2B9481D000CB9791 /* 직사각형 네개의 합집합의 면적 구하기.swift */ = {isa = PBXFileReference; lastKnownFileType = sourcecode.swift; path = "직사각형 네개의 합집합의 면적 구하기.swift"; sourceTree = "<group>"; };
		70D7932D2BE0F25600AFFC15 /* 마인크래프트.swift */ = {isa = PBXFileReference; lastKnownFileType = sourcecode.swift; path = "마인크래프트.swift"; sourceTree = "<group>"; };
		70D7932F2BE5455600AFFC15 /* 국회의원 선거.swift */ = {isa = PBXFileReference; lastKnownFileType = sourcecode.swift; path = "국회의원 선거.swift"; sourceTree = "<group>"; };
		70D793322BE67CC100AFFC15 /* 자리배정.swift */ = {isa = PBXFileReference; lastKnownFileType = sourcecode.swift; path = "자리배정.swift"; sourceTree = "<group>"; };
		70D793342BFB898E00AFFC15 /* 십자카드 문제.swift */ = {isa = PBXFileReference; lastKnownFileType = sourcecode.swift; path = "십자카드 문제.swift"; sourceTree = "<group>"; };
		70D793362C0B5CCF00AFFC15 /* 수강신청.swift */ = {isa = PBXFileReference; lastKnownFileType = sourcecode.swift; path = "수강신청.swift"; sourceTree = "<group>"; };
		70D793382C0D8B1B00AFFC15 /* 바닥 장식.swift */ = {isa = PBXFileReference; lastKnownFileType = sourcecode.swift; path = "바닥 장식.swift"; sourceTree = "<group>"; };
		70D7933A2C0D92C800AFFC15 /* 경비원.swift */ = {isa = PBXFileReference; lastKnownFileType = sourcecode.swift; path = "경비원.swift"; sourceTree = "<group>"; };
		70D7933C2C0E219900AFFC15 /* main.swift */ = {isa = PBXFileReference; lastKnownFileType = sourcecode.swift; path = main.swift; sourceTree = "<group>"; };
/* End PBXFileReference section */

/* Begin PBXFrameworksBuildPhase section */
		7031E3DB2ABD7F830027DC0A /* Frameworks */ = {
			isa = PBXFrameworksBuildPhase;
			buildActionMask = 2147483647;
			files = (
			);
			runOnlyForDeploymentPostprocessing = 0;
		};
/* End PBXFrameworksBuildPhase section */

/* Begin PBXGroup section */
		7031E3D52ABD7F830027DC0A = {
			isa = PBXGroup;
			children = (
				7031E3E02ABD7F830027DC0A /* Algorithm */,
				7031E3DF2ABD7F830027DC0A /* Products */,
			);
			sourceTree = "<group>";
		};
		7031E3DF2ABD7F830027DC0A /* Products */ = {
			isa = PBXGroup;
			children = (
				7031E3DE2ABD7F830027DC0A /* Algorithm */,
			);
			name = Products;
			sourceTree = "<group>";
		};
		7031E3E02ABD7F830027DC0A /* Algorithm */ = {
			isa = PBXGroup;
			children = (
				7032FD472B4FE4AA00B8481C /* DP */,
				703273C02AD315D6002396D4 /* 사촌.swift */,
				7031E4152AC9E0FB0027DC0A /* 그래프탐색 */,
				7031E3FC2ABEC1B90027DC0A /* 백준 구현 */,
				703273BE2AD304E9002396D4 /* A -> B.swift */,
				7001DA862B6D3CDD0037D599 /* 우선순위 큐, 힙.swift */,
				700012F12B72580300803BCF /* 킹(아스키코드).swift */,
				709AB6422B77B5F3004B0F59 /* 후보 추천하기(실패).swift */,
				70AD2A7E2B8B7D6A00CB9791 /* 연구소.swift */,
				70AD2A882B8E1A0400CB9791 /* 숨바꼭질.swift */,
				70AD2A932B932CF800CB9791 /* N과 M(1).swift */,
				70D7933C2C0E219900AFFC15 /* main.swift */,
			);
			path = Algorithm;
			sourceTree = "<group>";
		};
		7031E3FC2ABEC1B90027DC0A /* 백준 구현 */ = {
			isa = PBXGroup;
			children = (
				70D7933A2C0D92C800AFFC15 /* 경비원.swift */,
				70D793382C0D8B1B00AFFC15 /* 바닥 장식.swift */,
				70D793362C0B5CCF00AFFC15 /* 수강신청.swift */,
				70D793342BFB898E00AFFC15 /* 십자카드 문제.swift */,
				70D793312BE669E500AFFC15 /* 우선순위 큐 */,
				7031E4072AC40C4B0027DC0A /* 문자열 */,
				700012FD2B77852200803BCF /* 등수 구하기(랭킹).swift */,
				700012FB2B7619DC00803BCF /* 자리배정(런타임).swift */,
				700012F92B75010F00803BCF /* 단어 나누기.swift */,
				700012F72B74EAF800803BCF /* 비밀번호 발음하기.swift */,
				700012F52B74E35800803BCF /* 3의 배수.swift */,
				700012F32B7382C100803BCF /* 종이자르기.swift */,
				7001DA842B6D1E680037D599 /* 성적 통계.swift */,
				7001DA822B6AB4BA0037D599 /* 트럭(실패).swift */,
				7001DA802B6A63080037D599 /* solved.ac.swift */,
				7001DA7E2B6A45B20037D599 /* 누울 자리를 찾아라.swift */,
				7001DA7C2B67D5560037D599 /* 생일.swift */,
				7001DA7A2B67CB870037D599 /* 폴리오미노.swift */,
				7001DA782B6793350037D599 /* 빙고.swift */,
				7032FD872B678E7300B8481C /* 카드1.swift */,
				7032FD852B66519600B8481C /* 스위치 켜고 끄기.swift */,
				7032FD832B663A8D00B8481C /* 에라토스테네스의 체.swift */,
				7032FD7F2B65539400B8481C /* 수 이어 쓰기 1.swift */,
				7032FD7D2B651DEE00B8481C /* 사탕 게임(실패).swift */,
				7032FD7B2B65012500B8481C /* 2차원 배열의 합.swift */,
				7032FD792B63EA8900B8481C /* 한줄로 서기.swift */,
				7032FD772B63C9A200B8481C /* 숫자 정사각형.swift */,
				7032FD752B624D3600B8481C /* 팰린드롬만들기(실패).swift */,
				7032FD732B60F9A500B8481C /* 마인크래프트(실패).swift */,
				70747C8D2B49095C001F08EE /* 숫자야구.swift */,
				70747C8B2B470D2E001F08EE /* 참외밭.swift */,
				70747C892B46E629001F08EE /* 단어뒤집기2.swift */,
				7031E4012AC01C3F0027DC0A /* 통계학.swift */,
				7031E3FA2ABEC1B30027DC0A /* 분수찾기.swift */,
				7031E3FD2AC00CBF0027DC0A /* 제로.swift */,
				7031E3FF2AC0122F0027DC0A /* 덩치.swift */,
				7031E3E12ABD7F830027DC0A /* 숫자의 합.swift */,
				7031E3E92ABD82D20027DC0A /* OX퀴즈.swift */,
				7031E3EC2ABD84DF0027DC0A /* 나머지.swift */,
				7031E3EE2ABD86B10027DC0A /* 최댓값.swift */,
				7031E3F02ABD91A40027DC0A /* 단어의 개수.swift */,
				7031E3F22ABDB7B30027DC0A /* 셀프 넘버.swift */,
				7031E3F42ABEB4B60027DC0A /* 그룹 단어 체커.swift */,
				7031E3F62ABEB93F0027DC0A /* 스택.swift */,
				7031E3F82ABEBEA50027DC0A /* 크로아티아 알파벳.swift */,
				70AD2A862B8DE70E00CB9791 /* 균형잡힌 세상.swift */,
				70AD2A9B2B9481D000CB9791 /* 직사각형 네개의 합집합의 면적 구하기.swift */,
				70D7932D2BE0F25600AFFC15 /* 마인크래프트.swift */,
				70D793322BE67CC100AFFC15 /* 자리배정.swift */,
			);
			name = "백준 구현";
			path = "백준 구현";
			sourceTree = "<group>";
		};
		7031E4072AC40C4B0027DC0A /* 문자열 */ = {
			isa = PBXGroup;
			children = (
				7032FD712B5EB27700B8481C /* 공통 부분 문자열.swift */,
				7032FD6F2B5EA93A00B8481C /* 서로 다른 부분 문자열의 개수.swift */,
				7032FD6D2B5EA5C400B8481C /* 접미사 배열.swift */,
				7032FD6B2B5E60DD00B8481C /* 균형잡힌 세상.swift */,
				7032FD692B5D5E1B00B8481C /* 한국이 그리울 땐 서버에 접속하지.swift */,
				7032FD672B5D3EA000B8481C /* A와 B.swift */,
				7032FD652B5D289F00B8481C /* 전화번호 목록.swift */,
				7032FD632B5C0FE700B8481C /* 베스트셀러.swift */,
				7032FD612B5BC0BD00B8481C /* 뒤집기.swift */,
				7032FD5F2B59782900B8481C /* 30.swift */,
				7031E40F2AC6B6410027DC0A /* 문자열 집합.swift */,
				7031E4112AC6C2480027DC0A /* 문자열폭발.swift */,
				7031E40D2AC41FBE0027DC0A /* AC.swift */,
				7031E4092AC40C5E0027DC0A /* 잃어버린 괄호.swift */,
				7031E4052AC40B2C0027DC0A /* 소트인사이드.swift */,
				7031E40B2AC414EF0027DC0A /* 듣보잡.swift */,
				7031E4032AC078020027DC0A /* 그룹단어체커.swift */,
			);
			name = "문자열";
			path = "문자열";
			sourceTree = "<group>";
		};
		7031E4152AC9E0FB0027DC0A /* 그래프탐색 */ = {
			isa = PBXGroup;
			children = (
				70AD2A7C2B8B5DFA00CB9791 /* 침투.swift */,
				70A731BC2B839148007EA1B4 /* 아기 상어 2.swift */,
				70A731BA2B838BFB007EA1B4 /* 헌내기는 친구가 필요해.swift */,
				70A731B82B836134007EA1B4 /* 전쟁 - 전투.swift */,
				70430A832B80E32400B64545 /* 양.swift */,
				70430A7F2B7CEF0C00B64545 /* 점프 점프.swift */,
				70747C8F2B49A130001F08EE /* 연결요소의개수.swift */,
				703273BA2AD172DC002396D4 /* 경로찾기(미).swift */,
				703273BC2AD2C952002396D4 /* 영역구하기.swift */,
				703273B82AD00C0C002396D4 /* 안전영역.swift */,
				703273B62ACEC493002396D4 /* 섬의 개수.swift */,
				7031E4182ACD3FA50027DC0A /* 적녹색약(미).swift */,
				7031E4162ACC45E40027DC0A /* 미로탐색.swift */,
				7032FD362B4A99D200B8481C /* 토마토.swift */,
				7031E4132AC9B2020027DC0A /* DFS와 BFS.swift */,
				7032FD382B4AEB3200B8481C /* 숨바꼭질3.swift */,
				70AD2A6A2B877AA100CB9791 /* 데스 나이트.swift */,
				7032FD3A2B4BC39A00B8481C /* 촌수.swift */,
				7032FD3C2B4BE82F00B8481C /* 스타트링크.swift */,
				7032FD3E2B4D7AF600B8481C /* 그림.swift */,
				7032FD412B4D99F700B8481C /* 불!.swift */,
				70903C972AE3B92B00C6FEF0 /* 셀프넘버.swift */,
			);
			name = "그래프탐색";
			path = "그래프탐색";
			sourceTree = "<group>";
		};
		7032FD472B4FE4AA00B8481C /* DP */ = {
			isa = PBXGroup;
			children = (
				7032FD582B55686A00B8481C /* 동전1.swift */,
				7032FD562B52D2F100B8481C /* 평범한 배낭.swift */,
				7032FD522B51C0A100B8481C /* 구간 합 구하기4.swift */,
				7032FD542B529F1600B8481C /* 연속합.swift */,
				7032FD502B515DCE00B8481C /* RGB거리.swift */,
				7032FD4E2B51568600B8481C /* 2xn 타일링.swift */,
				7032FD4C2B5079A000B8481C /* 피보나치함수.swift */,
				7032FD4A2B500D4E00B8481C /* 계단오르기.swift */,
				7032FD482B4FF17300B8481C /* 1, 2, 3 더하기.swift */,
				7032FD432B4FDFE200B8481C /* 1로 만들기.swift */,
			);
			path = DP;
			sourceTree = "<group>";
		};
		70D793312BE669E500AFFC15 /* 우선순위 큐 */ = {
			isa = PBXGroup;
			children = (
				70430A7D2B7B897000B64545 /* 후보 추천하기.swift */,
				70D7932F2BE5455600AFFC15 /* 국회의원 선거.swift */,
			);
			name = "우선순위 큐";
			path = "우선순위 큐";
			sourceTree = "<group>";
		};
/* End PBXGroup section */

/* Begin PBXNativeTarget section */
		7031E3DD2ABD7F830027DC0A /* Algorithm */ = {
			isa = PBXNativeTarget;
			buildConfigurationList = 7031E3E52ABD7F830027DC0A /* Build configuration list for PBXNativeTarget "Algorithm" */;
			buildPhases = (
				7031E3DA2ABD7F830027DC0A /* Sources */,
				7031E3DB2ABD7F830027DC0A /* Frameworks */,
				7031E3DC2ABD7F830027DC0A /* CopyFiles */,
			);
			buildRules = (
			);
			dependencies = (
			);
			name = Algorithm;
			productName = Algorithm;
			productReference = 7031E3DE2ABD7F830027DC0A /* Algorithm */;
			productType = "com.apple.product-type.tool";
		};
/* End PBXNativeTarget section */

/* Begin PBXProject section */
		7031E3D62ABD7F830027DC0A /* Project object */ = {
			isa = PBXProject;
			attributes = {
				BuildIndependentTargetsInParallel = 1;
				LastSwiftUpdateCheck = 1420;
				LastUpgradeCheck = 1420;
				TargetAttributes = {
					7031E3DD2ABD7F830027DC0A = {
						CreatedOnToolsVersion = 14.2;
						LastSwiftMigration = 1500;
					};
				};
			};
			buildConfigurationList = 7031E3D92ABD7F830027DC0A /* Build configuration list for PBXProject "Algorithm" */;
			compatibilityVersion = "Xcode 14.0";
			developmentRegion = en;
			hasScannedForEncodings = 0;
			knownRegions = (
				en,
				Base,
			);
			mainGroup = 7031E3D52ABD7F830027DC0A;
			productRefGroup = 7031E3DF2ABD7F830027DC0A /* Products */;
			projectDirPath = "";
			projectRoot = "";
			targets = (
				7031E3DD2ABD7F830027DC0A /* Algorithm */,
			);
		};
/* End PBXProject section */

/* Begin PBXSourcesBuildPhase section */
		7031E3DA2ABD7F830027DC0A /* Sources */ = {
			isa = PBXSourcesBuildPhase;
			buildActionMask = 2147483647;
			files = (
				70D7933D2C0E219900AFFC15 /* main.swift in Sources */,
			);
			runOnlyForDeploymentPostprocessing = 0;
		};
/* End PBXSourcesBuildPhase section */

/* Begin XCBuildConfiguration section */
		7031E3E32ABD7F830027DC0A /* Debug */ = {
			isa = XCBuildConfiguration;
			buildSettings = {
				ALWAYS_SEARCH_USER_PATHS = NO;
				CLANG_ANALYZER_NONNULL = YES;
				CLANG_ANALYZER_NUMBER_OBJECT_CONVERSION = YES_AGGRESSIVE;
				CLANG_CXX_LANGUAGE_STANDARD = "gnu++20";
				CLANG_ENABLE_MODULES = YES;
				CLANG_ENABLE_OBJC_ARC = YES;
				CLANG_ENABLE_OBJC_WEAK = YES;
				CLANG_WARN_BLOCK_CAPTURE_AUTORELEASING = YES;
				CLANG_WARN_BOOL_CONVERSION = YES;
				CLANG_WARN_COMMA = YES;
				CLANG_WARN_CONSTANT_CONVERSION = YES;
				CLANG_WARN_DEPRECATED_OBJC_IMPLEMENTATIONS = YES;
				CLANG_WARN_DIRECT_OBJC_ISA_USAGE = YES_ERROR;
				CLANG_WARN_DOCUMENTATION_COMMENTS = YES;
				CLANG_WARN_EMPTY_BODY = YES;
				CLANG_WARN_ENUM_CONVERSION = YES;
				CLANG_WARN_INFINITE_RECURSION = YES;
				CLANG_WARN_INT_CONVERSION = YES;
				CLANG_WARN_NON_LITERAL_NULL_CONVERSION = YES;
				CLANG_WARN_OBJC_IMPLICIT_RETAIN_SELF = YES;
				CLANG_WARN_OBJC_LITERAL_CONVERSION = YES;
				CLANG_WARN_OBJC_ROOT_CLASS = YES_ERROR;
				CLANG_WARN_QUOTED_INCLUDE_IN_FRAMEWORK_HEADER = YES;
				CLANG_WARN_RANGE_LOOP_ANALYSIS = YES;
				CLANG_WARN_STRICT_PROTOTYPES = YES;
				CLANG_WARN_SUSPICIOUS_MOVE = YES;
				CLANG_WARN_UNGUARDED_AVAILABILITY = YES_AGGRESSIVE;
				CLANG_WARN_UNREACHABLE_CODE = YES;
				CLANG_WARN__DUPLICATE_METHOD_MATCH = YES;
				COPY_PHASE_STRIP = NO;
				DEBUG_INFORMATION_FORMAT = dwarf;
				ENABLE_STRICT_OBJC_MSGSEND = YES;
				ENABLE_TESTABILITY = YES;
				GCC_C_LANGUAGE_STANDARD = gnu11;
				GCC_DYNAMIC_NO_PIC = NO;
				GCC_NO_COMMON_BLOCKS = YES;
				GCC_OPTIMIZATION_LEVEL = 0;
				GCC_PREPROCESSOR_DEFINITIONS = (
					"DEBUG=1",
					"$(inherited)",
				);
				GCC_WARN_64_TO_32_BIT_CONVERSION = YES;
				GCC_WARN_ABOUT_RETURN_TYPE = YES_ERROR;
				GCC_WARN_UNDECLARED_SELECTOR = YES;
				GCC_WARN_UNINITIALIZED_AUTOS = YES_AGGRESSIVE;
				GCC_WARN_UNUSED_FUNCTION = YES;
				GCC_WARN_UNUSED_VARIABLE = YES;
				MACOSX_DEPLOYMENT_TARGET = 12.6;
				MTL_ENABLE_DEBUG_INFO = INCLUDE_SOURCE;
				MTL_FAST_MATH = YES;
				ONLY_ACTIVE_ARCH = YES;
				SDKROOT = macosx;
				SWIFT_ACTIVE_COMPILATION_CONDITIONS = DEBUG;
				SWIFT_OPTIMIZATION_LEVEL = "-Onone";
			};
			name = Debug;
		};
		7031E3E42ABD7F830027DC0A /* Release */ = {
			isa = XCBuildConfiguration;
			buildSettings = {
				ALWAYS_SEARCH_USER_PATHS = NO;
				CLANG_ANALYZER_NONNULL = YES;
				CLANG_ANALYZER_NUMBER_OBJECT_CONVERSION = YES_AGGRESSIVE;
				CLANG_CXX_LANGUAGE_STANDARD = "gnu++20";
				CLANG_ENABLE_MODULES = YES;
				CLANG_ENABLE_OBJC_ARC = YES;
				CLANG_ENABLE_OBJC_WEAK = YES;
				CLANG_WARN_BLOCK_CAPTURE_AUTORELEASING = YES;
				CLANG_WARN_BOOL_CONVERSION = YES;
				CLANG_WARN_COMMA = YES;
				CLANG_WARN_CONSTANT_CONVERSION = YES;
				CLANG_WARN_DEPRECATED_OBJC_IMPLEMENTATIONS = YES;
				CLANG_WARN_DIRECT_OBJC_ISA_USAGE = YES_ERROR;
				CLANG_WARN_DOCUMENTATION_COMMENTS = YES;
				CLANG_WARN_EMPTY_BODY = YES;
				CLANG_WARN_ENUM_CONVERSION = YES;
				CLANG_WARN_INFINITE_RECURSION = YES;
				CLANG_WARN_INT_CONVERSION = YES;
				CLANG_WARN_NON_LITERAL_NULL_CONVERSION = YES;
				CLANG_WARN_OBJC_IMPLICIT_RETAIN_SELF = YES;
				CLANG_WARN_OBJC_LITERAL_CONVERSION = YES;
				CLANG_WARN_OBJC_ROOT_CLASS = YES_ERROR;
				CLANG_WARN_QUOTED_INCLUDE_IN_FRAMEWORK_HEADER = YES;
				CLANG_WARN_RANGE_LOOP_ANALYSIS = YES;
				CLANG_WARN_STRICT_PROTOTYPES = YES;
				CLANG_WARN_SUSPICIOUS_MOVE = YES;
				CLANG_WARN_UNGUARDED_AVAILABILITY = YES_AGGRESSIVE;
				CLANG_WARN_UNREACHABLE_CODE = YES;
				CLANG_WARN__DUPLICATE_METHOD_MATCH = YES;
				COPY_PHASE_STRIP = NO;
				DEBUG_INFORMATION_FORMAT = "dwarf-with-dsym";
				ENABLE_NS_ASSERTIONS = NO;
				ENABLE_STRICT_OBJC_MSGSEND = YES;
				GCC_C_LANGUAGE_STANDARD = gnu11;
				GCC_NO_COMMON_BLOCKS = YES;
				GCC_WARN_64_TO_32_BIT_CONVERSION = YES;
				GCC_WARN_ABOUT_RETURN_TYPE = YES_ERROR;
				GCC_WARN_UNDECLARED_SELECTOR = YES;
				GCC_WARN_UNINITIALIZED_AUTOS = YES_AGGRESSIVE;
				GCC_WARN_UNUSED_FUNCTION = YES;
				GCC_WARN_UNUSED_VARIABLE = YES;
				MACOSX_DEPLOYMENT_TARGET = 12.6;
				MTL_ENABLE_DEBUG_INFO = NO;
				MTL_FAST_MATH = YES;
				SDKROOT = macosx;
				SWIFT_COMPILATION_MODE = wholemodule;
				SWIFT_OPTIMIZATION_LEVEL = "-O";
			};
			name = Release;
		};
		7031E3E62ABD7F830027DC0A /* Debug */ = {
			isa = XCBuildConfiguration;
			buildSettings = {
				CLANG_ENABLE_MODULES = YES;
				CODE_SIGN_STYLE = Automatic;
				LD_RUNPATH_SEARCH_PATHS = (
					"$(inherited)",
					"@executable_path/../Frameworks",
					"@loader_path/../Frameworks",
				);
				PRODUCT_NAME = "$(TARGET_NAME)";
				SWIFT_OPTIMIZATION_LEVEL = "-Onone";
				SWIFT_VERSION = 5.0;
			};
			name = Debug;
		};
		7031E3E72ABD7F830027DC0A /* Release */ = {
			isa = XCBuildConfiguration;
			buildSettings = {
				CLANG_ENABLE_MODULES = YES;
				CODE_SIGN_STYLE = Automatic;
				LD_RUNPATH_SEARCH_PATHS = (
					"$(inherited)",
					"@executable_path/../Frameworks",
					"@loader_path/../Frameworks",
				);
				PRODUCT_NAME = "$(TARGET_NAME)";
				SWIFT_VERSION = 5.0;
			};
			name = Release;
		};
/* End XCBuildConfiguration section */

/* Begin XCConfigurationList section */
		7031E3D92ABD7F830027DC0A /* Build configuration list for PBXProject "Algorithm" */ = {
			isa = XCConfigurationList;
			buildConfigurations = (
				7031E3E32ABD7F830027DC0A /* Debug */,
				7031E3E42ABD7F830027DC0A /* Release */,
			);
			defaultConfigurationIsVisible = 0;
			defaultConfigurationName = Release;
		};
		7031E3E52ABD7F830027DC0A /* Build configuration list for PBXNativeTarget "Algorithm" */ = {
			isa = XCConfigurationList;
			buildConfigurations = (
				7031E3E62ABD7F830027DC0A /* Debug */,
				7031E3E72ABD7F830027DC0A /* Release */,
			);
			defaultConfigurationIsVisible = 0;
			defaultConfigurationName = Release;
		};
/* End XCConfigurationList section */
	};
	rootObject = 7031E3D62ABD7F830027DC0A /* Project object */;
}
