// !$*UTF8*$!
{
	archiveVersion = 1;
	classes = {
	};
	objectVersion = 56;
	objects = {

/* Begin PBXBuildFile section */
		7032FD532B51C0A100B8481C /* main.swift in Sources */ = {isa = PBXBuildFile; fileRef = 7032FD522B51C0A100B8481C /* main.swift */; };
/* End PBXBuildFile section */

/* Begin PBXCopyFilesBuildPhase section */
		7031E3DC2ABD7F830027DC0A /* CopyFiles */ = {
			isa = PBXCopyFilesBuildPhase;
			buildActionMask = 2147483647;
			dstPath = /usr/share/man/man1/;
			dstSubfolderSpec = 0;
			files = (
			);
			runOnlyForDeploymentPostprocessing = 1;
		};
/* End PBXCopyFilesBuildPhase section */

/* Begin PBXFileReference section */
		7031E3DE2ABD7F830027DC0A /* Algorithm */ = {isa = PBXFileReference; explicitFileType = "compiled.mach-o.executable"; includeInIndex = 0; path = Algorithm; sourceTree = BUILT_PRODUCTS_DIR; };
		7031E3E12ABD7F830027DC0A /* 숫자의 합.swift */ = {isa = PBXFileReference; lastKnownFileType = sourcecode.swift; path = "숫자의 합.swift"; sourceTree = "<group>"; };
		7031E3E92ABD82D20027DC0A /* OX퀴즈.swift */ = {isa = PBXFileReference; lastKnownFileType = sourcecode.swift; path = "OX퀴즈.swift"; sourceTree = "<group>"; };
		7031E3EC2ABD84DF0027DC0A /* 나머지.swift */ = {isa = PBXFileReference; lastKnownFileType = sourcecode.swift; path = "나머지.swift"; sourceTree = "<group>"; };
		7031E3EE2ABD86B10027DC0A /* 최댓값.swift */ = {isa = PBXFileReference; lastKnownFileType = sourcecode.swift; path = "최댓값.swift"; sourceTree = "<group>"; };
		7031E3F02ABD91A40027DC0A /* 단어의 개수.swift */ = {isa = PBXFileReference; lastKnownFileType = sourcecode.swift; path = "단어의 개수.swift"; sourceTree = "<group>"; };
		7031E3F22ABDB7B30027DC0A /* 셀프 넘버.swift */ = {isa = PBXFileReference; lastKnownFileType = sourcecode.swift; path = "셀프 넘버.swift"; sourceTree = "<group>"; };
		7031E3F42ABEB4B60027DC0A /* 그룹 단어 체커.swift */ = {isa = PBXFileReference; lastKnownFileType = sourcecode.swift; path = "그룹 단어 체커.swift"; sourceTree = "<group>"; };
		7031E3F62ABEB93F0027DC0A /* 스택.swift */ = {isa = PBXFileReference; lastKnownFileType = sourcecode.swift; path = "스택.swift"; sourceTree = "<group>"; };
		7031E3F82ABEBEA50027DC0A /* 크로아티아 알파벳.swift */ = {isa = PBXFileReference; lastKnownFileType = sourcecode.swift; path = "크로아티아 알파벳.swift"; sourceTree = "<group>"; };
		7031E3FA2ABEC1B30027DC0A /* 분수찾기.swift */ = {isa = PBXFileReference; lastKnownFileType = sourcecode.swift; path = "분수찾기.swift"; sourceTree = "<group>"; };
		7031E3FD2AC00CBF0027DC0A /* 제로.swift */ = {isa = PBXFileReference; lastKnownFileType = sourcecode.swift; path = "제로.swift"; sourceTree = "<group>"; };
		7031E3FF2AC0122F0027DC0A /* 덩치.swift */ = {isa = PBXFileReference; lastKnownFileType = sourcecode.swift; path = "덩치.swift"; sourceTree = "<group>"; };
		7031E4012AC01C3F0027DC0A /* 통계학.swift */ = {isa = PBXFileReference; lastKnownFileType = sourcecode.swift; path = "통계학.swift"; sourceTree = "<group>"; };
		7031E4032AC078020027DC0A /* 그룹단어체커.swift */ = {isa = PBXFileReference; lastKnownFileType = sourcecode.swift; path = "그룹단어체커.swift"; sourceTree = "<group>"; };
		7031E4052AC40B2C0027DC0A /* 소트인사이드.swift */ = {isa = PBXFileReference; lastKnownFileType = sourcecode.swift; path = "소트인사이드.swift"; sourceTree = "<group>"; };
		7031E4092AC40C5E0027DC0A /* 잃어버린 괄호.swift */ = {isa = PBXFileReference; lastKnownFileType = sourcecode.swift; path = "잃어버린 괄호.swift"; sourceTree = "<group>"; };
		7031E40B2AC414EF0027DC0A /* 듣보잡.swift */ = {isa = PBXFileReference; lastKnownFileType = sourcecode.swift; path = "듣보잡.swift"; sourceTree = "<group>"; };
		7031E40D2AC41FBE0027DC0A /* AC.swift */ = {isa = PBXFileReference; lastKnownFileType = sourcecode.swift; path = AC.swift; sourceTree = "<group>"; };
		7031E40F2AC6B6410027DC0A /* 문자열 집합.swift */ = {isa = PBXFileReference; lastKnownFileType = sourcecode.swift; path = "문자열 집합.swift"; sourceTree = "<group>"; };
		7031E4112AC6C2480027DC0A /* 문자열폭발.swift */ = {isa = PBXFileReference; lastKnownFileType = sourcecode.swift; path = "문자열폭발.swift"; sourceTree = "<group>"; };
		7031E4132AC9B2020027DC0A /* DFS와 BFS.swift */ = {isa = PBXFileReference; lastKnownFileType = sourcecode.swift; path = "DFS와 BFS.swift"; sourceTree = "<group>"; };
		7031E4162ACC45E40027DC0A /* 미로탐색.swift */ = {isa = PBXFileReference; lastKnownFileType = sourcecode.swift; path = "미로탐색.swift"; sourceTree = "<group>"; };
		7031E4182ACD3FA50027DC0A /* 적녹색약(미).swift */ = {isa = PBXFileReference; lastKnownFileType = sourcecode.swift; path = "적녹색약(미).swift"; sourceTree = "<group>"; };
		703273B62ACEC493002396D4 /* 섬의 개수.swift */ = {isa = PBXFileReference; lastKnownFileType = sourcecode.swift; path = "섬의 개수.swift"; sourceTree = "<group>"; };
		703273B82AD00C0C002396D4 /* 안전영역.swift */ = {isa = PBXFileReference; lastKnownFileType = sourcecode.swift; path = "안전영역.swift"; sourceTree = "<group>"; };
		703273BA2AD172DC002396D4 /* 경로찾기(미).swift */ = {isa = PBXFileReference; lastKnownFileType = sourcecode.swift; path = "경로찾기(미).swift"; sourceTree = "<group>"; };
		703273BC2AD2C952002396D4 /* 영역구하기.swift */ = {isa = PBXFileReference; lastKnownFileType = sourcecode.swift; path = "영역구하기.swift"; sourceTree = "<group>"; };
		703273BE2AD304E9002396D4 /* A -> B.swift */ = {isa = PBXFileReference; lastKnownFileType = sourcecode.swift; path = "A -> B.swift"; sourceTree = "<group>"; };
		703273C02AD315D6002396D4 /* 사촌.swift */ = {isa = PBXFileReference; lastKnownFileType = sourcecode.swift; path = "사촌.swift"; sourceTree = "<group>"; };
		7032FD362B4A99D200B8481C /* 토마토.swift */ = {isa = PBXFileReference; lastKnownFileType = sourcecode.swift; path = "토마토.swift"; sourceTree = "<group>"; };
		7032FD382B4AEB3200B8481C /* 숨바꼭질3.swift */ = {isa = PBXFileReference; lastKnownFileType = sourcecode.swift; path = "숨바꼭질3.swift"; sourceTree = "<group>"; };
		7032FD3A2B4BC39A00B8481C /* 촌수.swift */ = {isa = PBXFileReference; lastKnownFileType = sourcecode.swift; path = "촌수.swift"; sourceTree = "<group>"; };
		7032FD3C2B4BE82F00B8481C /* 스타트링크.swift */ = {isa = PBXFileReference; lastKnownFileType = sourcecode.swift; path = "스타트링크.swift"; sourceTree = "<group>"; };
		7032FD3E2B4D7AF600B8481C /* 그림.swift */ = {isa = PBXFileReference; lastKnownFileType = sourcecode.swift; path = "그림.swift"; sourceTree = "<group>"; };
		7032FD412B4D99F700B8481C /* 불!.swift */ = {isa = PBXFileReference; lastKnownFileType = sourcecode.swift; path = "불!.swift"; sourceTree = "<group>"; };
		7032FD432B4FDFE200B8481C /* 1로 만들기.swift */ = {isa = PBXFileReference; lastKnownFileType = sourcecode.swift; path = "1로 만들기.swift"; sourceTree = "<group>"; };
		7032FD482B4FF17300B8481C /* 1, 2, 3 더하기.swift */ = {isa = PBXFileReference; lastKnownFileType = sourcecode.swift; path = "1, 2, 3 더하기.swift"; sourceTree = "<group>"; };
		7032FD4A2B500D4E00B8481C /* 계단오르기.swift */ = {isa = PBXFileReference; lastKnownFileType = sourcecode.swift; path = "계단오르기.swift"; sourceTree = "<group>"; };
		7032FD4C2B5079A000B8481C /* 피보나치함수.swift */ = {isa = PBXFileReference; lastKnownFileType = sourcecode.swift; path = "피보나치함수.swift"; sourceTree = "<group>"; };
		7032FD4E2B51568600B8481C /* 2xn 타일링.swift */ = {isa = PBXFileReference; lastKnownFileType = sourcecode.swift; path = "2xn 타일링.swift"; sourceTree = "<group>"; };
		7032FD502B515DCE00B8481C /* RGB거리.swift */ = {isa = PBXFileReference; lastKnownFileType = sourcecode.swift; path = "RGB거리.swift"; sourceTree = "<group>"; };
		7032FD522B51C0A100B8481C /* main.swift */ = {isa = PBXFileReference; lastKnownFileType = sourcecode.swift; path = main.swift; sourceTree = "<group>"; };
		70747C892B46E629001F08EE /* 단어뒤집기2.swift */ = {isa = PBXFileReference; lastKnownFileType = sourcecode.swift; path = "단어뒤집기2.swift"; sourceTree = "<group>"; };
		70747C8B2B470D2E001F08EE /* 참외밭.swift */ = {isa = PBXFileReference; lastKnownFileType = sourcecode.swift; path = "참외밭.swift"; sourceTree = "<group>"; };
		70747C8D2B49095C001F08EE /* 숫자야구.swift */ = {isa = PBXFileReference; lastKnownFileType = sourcecode.swift; path = "숫자야구.swift"; sourceTree = "<group>"; };
		70747C8F2B49A130001F08EE /* 연결요소의개수.swift */ = {isa = PBXFileReference; lastKnownFileType = sourcecode.swift; path = "연결요소의개수.swift"; sourceTree = "<group>"; };
		70903C972AE3B92B00C6FEF0 /* 셀프넘버.swift */ = {isa = PBXFileReference; lastKnownFileType = sourcecode.swift; path = "셀프넘버.swift"; sourceTree = "<group>"; };
/* End PBXFileReference section */

/* Begin PBXFrameworksBuildPhase section */
		7031E3DB2ABD7F830027DC0A /* Frameworks */ = {
			isa = PBXFrameworksBuildPhase;
			buildActionMask = 2147483647;
			files = (
			);
			runOnlyForDeploymentPostprocessing = 0;
		};
/* End PBXFrameworksBuildPhase section */

/* Begin PBXGroup section */
		7031E3D52ABD7F830027DC0A = {
			isa = PBXGroup;
			children = (
				7031E3E02ABD7F830027DC0A /* Algorithm */,
				7031E3DF2ABD7F830027DC0A /* Products */,
			);
			sourceTree = "<group>";
		};
		7031E3DF2ABD7F830027DC0A /* Products */ = {
			isa = PBXGroup;
			children = (
				7031E3DE2ABD7F830027DC0A /* Algorithm */,
			);
			name = Products;
			sourceTree = "<group>";
		};
		7031E3E02ABD7F830027DC0A /* Algorithm */ = {
			isa = PBXGroup;
			children = (
				7032FD472B4FE4AA00B8481C /* DP */,
				703273C02AD315D6002396D4 /* 사촌.swift */,
				7031E4152AC9E0FB0027DC0A /* 그래프탐색 */,
				7031E4072AC40C4B0027DC0A /* 문자열 */,
				7031E3FC2ABEC1B90027DC0A /* 백준 구현 */,
				703273BE2AD304E9002396D4 /* A -> B.swift */,
				7032FD522B51C0A100B8481C /* main.swift */,
			);
			path = Algorithm;
			sourceTree = "<group>";
		};
		7031E3FC2ABEC1B90027DC0A /* 백준 구현 */ = {
			isa = PBXGroup;
			children = (
				70747C8D2B49095C001F08EE /* 숫자야구.swift */,
				70747C8B2B470D2E001F08EE /* 참외밭.swift */,
				70747C892B46E629001F08EE /* 단어뒤집기2.swift */,
				7031E4012AC01C3F0027DC0A /* 통계학.swift */,
				7031E3FA2ABEC1B30027DC0A /* 분수찾기.swift */,
				7031E3FD2AC00CBF0027DC0A /* 제로.swift */,
				7031E3FF2AC0122F0027DC0A /* 덩치.swift */,
				7031E3E12ABD7F830027DC0A /* 숫자의 합.swift */,
				7031E3E92ABD82D20027DC0A /* OX퀴즈.swift */,
				7031E3EC2ABD84DF0027DC0A /* 나머지.swift */,
				7031E3EE2ABD86B10027DC0A /* 최댓값.swift */,
				7031E3F02ABD91A40027DC0A /* 단어의 개수.swift */,
				7031E3F22ABDB7B30027DC0A /* 셀프 넘버.swift */,
				7031E3F42ABEB4B60027DC0A /* 그룹 단어 체커.swift */,
				7031E3F62ABEB93F0027DC0A /* 스택.swift */,
				7031E3F82ABEBEA50027DC0A /* 크로아티아 알파벳.swift */,
			);
			name = "백준 구현";
			path = "백준 구현";
			sourceTree = "<group>";
		};
		7031E4072AC40C4B0027DC0A /* 문자열 */ = {
			isa = PBXGroup;
			children = (
				7031E40F2AC6B6410027DC0A /* 문자열 집합.swift */,
				7031E4112AC6C2480027DC0A /* 문자열폭발.swift */,
				7031E40D2AC41FBE0027DC0A /* AC.swift */,
				7031E4092AC40C5E0027DC0A /* 잃어버린 괄호.swift */,
				7031E4052AC40B2C0027DC0A /* 소트인사이드.swift */,
				7031E40B2AC414EF0027DC0A /* 듣보잡.swift */,
				7031E4032AC078020027DC0A /* 그룹단어체커.swift */,
			);
			name = "문자열";
			path = "문자열";
			sourceTree = "<group>";
		};
		7031E4152AC9E0FB0027DC0A /* 그래프탐색 */ = {
			isa = PBXGroup;
			children = (
				70747C8F2B49A130001F08EE /* 연결요소의개수.swift */,
				703273BA2AD172DC002396D4 /* 경로찾기(미).swift */,
				703273BC2AD2C952002396D4 /* 영역구하기.swift */,
				703273B82AD00C0C002396D4 /* 안전영역.swift */,
				703273B62ACEC493002396D4 /* 섬의 개수.swift */,
				7031E4182ACD3FA50027DC0A /* 적녹색약(미).swift */,
				7031E4162ACC45E40027DC0A /* 미로탐색.swift */,
				7032FD362B4A99D200B8481C /* 토마토.swift */,
				7031E4132AC9B2020027DC0A /* DFS와 BFS.swift */,
				7032FD382B4AEB3200B8481C /* 숨바꼭질3.swift */,
				7032FD3A2B4BC39A00B8481C /* 촌수.swift */,
				7032FD3C2B4BE82F00B8481C /* 스타트링크.swift */,
				7032FD3E2B4D7AF600B8481C /* 그림.swift */,
				7032FD412B4D99F700B8481C /* 불!.swift */,
				70903C972AE3B92B00C6FEF0 /* 셀프넘버.swift */,
			);
			name = "그래프탐색";
			path = "그래프탐색";
			sourceTree = "<group>";
		};
		7032FD472B4FE4AA00B8481C /* DP */ = {
			isa = PBXGroup;
			children = (
				7032FD502B515DCE00B8481C /* RGB거리.swift */,
				7032FD4E2B51568600B8481C /* 2xn 타일링.swift */,
				7032FD4C2B5079A000B8481C /* 피보나치함수.swift */,
				7032FD4A2B500D4E00B8481C /* 계단오르기.swift */,
				7032FD482B4FF17300B8481C /* 1, 2, 3 더하기.swift */,
				7032FD432B4FDFE200B8481C /* 1로 만들기.swift */,
			);
			path = DP;
			sourceTree = "<group>";
		};
/* End PBXGroup section */

/* Begin PBXNativeTarget section */
		7031E3DD2ABD7F830027DC0A /* Algorithm */ = {
			isa = PBXNativeTarget;
			buildConfigurationList = 7031E3E52ABD7F830027DC0A /* Build configuration list for PBXNativeTarget "Algorithm" */;
			buildPhases = (
				7031E3DA2ABD7F830027DC0A /* Sources */,
				7031E3DB2ABD7F830027DC0A /* Frameworks */,
				7031E3DC2ABD7F830027DC0A /* CopyFiles */,
			);
			buildRules = (
			);
			dependencies = (
			);
			name = Algorithm;
			productName = Algorithm;
			productReference = 7031E3DE2ABD7F830027DC0A /* Algorithm */;
			productType = "com.apple.product-type.tool";
		};
/* End PBXNativeTarget section */

/* Begin PBXProject section */
		7031E3D62ABD7F830027DC0A /* Project object */ = {
			isa = PBXProject;
			attributes = {
				BuildIndependentTargetsInParallel = 1;
				LastSwiftUpdateCheck = 1420;
				LastUpgradeCheck = 1420;
				TargetAttributes = {
					7031E3DD2ABD7F830027DC0A = {
						CreatedOnToolsVersion = 14.2;
						LastSwiftMigration = 1500;
					};
				};
			};
			buildConfigurationList = 7031E3D92ABD7F830027DC0A /* Build configuration list for PBXProject "Algorithm" */;
			compatibilityVersion = "Xcode 14.0";
			developmentRegion = en;
			hasScannedForEncodings = 0;
			knownRegions = (
				en,
				Base,
			);
			mainGroup = 7031E3D52ABD7F830027DC0A;
			productRefGroup = 7031E3DF2ABD7F830027DC0A /* Products */;
			projectDirPath = "";
			projectRoot = "";
			targets = (
				7031E3DD2ABD7F830027DC0A /* Algorithm */,
			);
		};
/* End PBXProject section */

/* Begin PBXSourcesBuildPhase section */
		7031E3DA2ABD7F830027DC0A /* Sources */ = {
			isa = PBXSourcesBuildPhase;
			buildActionMask = 2147483647;
			files = (
				7032FD532B51C0A100B8481C /* main.swift in Sources */,
			);
			runOnlyForDeploymentPostprocessing = 0;
		};
/* End PBXSourcesBuildPhase section */

/* Begin XCBuildConfiguration section */
		7031E3E32ABD7F830027DC0A /* Debug */ = {
			isa = XCBuildConfiguration;
			buildSettings = {
				ALWAYS_SEARCH_USER_PATHS = NO;
				CLANG_ANALYZER_NONNULL = YES;
				CLANG_ANALYZER_NUMBER_OBJECT_CONVERSION = YES_AGGRESSIVE;
				CLANG_CXX_LANGUAGE_STANDARD = "gnu++20";
				CLANG_ENABLE_MODULES = YES;
				CLANG_ENABLE_OBJC_ARC = YES;
				CLANG_ENABLE_OBJC_WEAK = YES;
				CLANG_WARN_BLOCK_CAPTURE_AUTORELEASING = YES;
				CLANG_WARN_BOOL_CONVERSION = YES;
				CLANG_WARN_COMMA = YES;
				CLANG_WARN_CONSTANT_CONVERSION = YES;
				CLANG_WARN_DEPRECATED_OBJC_IMPLEMENTATIONS = YES;
				CLANG_WARN_DIRECT_OBJC_ISA_USAGE = YES_ERROR;
				CLANG_WARN_DOCUMENTATION_COMMENTS = YES;
				CLANG_WARN_EMPTY_BODY = YES;
				CLANG_WARN_ENUM_CONVERSION = YES;
				CLANG_WARN_INFINITE_RECURSION = YES;
				CLANG_WARN_INT_CONVERSION = YES;
				CLANG_WARN_NON_LITERAL_NULL_CONVERSION = YES;
				CLANG_WARN_OBJC_IMPLICIT_RETAIN_SELF = YES;
				CLANG_WARN_OBJC_LITERAL_CONVERSION = YES;
				CLANG_WARN_OBJC_ROOT_CLASS = YES_ERROR;
				CLANG_WARN_QUOTED_INCLUDE_IN_FRAMEWORK_HEADER = YES;
				CLANG_WARN_RANGE_LOOP_ANALYSIS = YES;
				CLANG_WARN_STRICT_PROTOTYPES = YES;
				CLANG_WARN_SUSPICIOUS_MOVE = YES;
				CLANG_WARN_UNGUARDED_AVAILABILITY = YES_AGGRESSIVE;
				CLANG_WARN_UNREACHABLE_CODE = YES;
				CLANG_WARN__DUPLICATE_METHOD_MATCH = YES;
				COPY_PHASE_STRIP = NO;
				DEBUG_INFORMATION_FORMAT = dwarf;
				ENABLE_STRICT_OBJC_MSGSEND = YES;
				ENABLE_TESTABILITY = YES;
				GCC_C_LANGUAGE_STANDARD = gnu11;
				GCC_DYNAMIC_NO_PIC = NO;
				GCC_NO_COMMON_BLOCKS = YES;
				GCC_OPTIMIZATION_LEVEL = 0;
				GCC_PREPROCESSOR_DEFINITIONS = (
					"DEBUG=1",
					"$(inherited)",
				);
				GCC_WARN_64_TO_32_BIT_CONVERSION = YES;
				GCC_WARN_ABOUT_RETURN_TYPE = YES_ERROR;
				GCC_WARN_UNDECLARED_SELECTOR = YES;
				GCC_WARN_UNINITIALIZED_AUTOS = YES_AGGRESSIVE;
				GCC_WARN_UNUSED_FUNCTION = YES;
				GCC_WARN_UNUSED_VARIABLE = YES;
				MACOSX_DEPLOYMENT_TARGET = 12.6;
				MTL_ENABLE_DEBUG_INFO = INCLUDE_SOURCE;
				MTL_FAST_MATH = YES;
				ONLY_ACTIVE_ARCH = YES;
				SDKROOT = macosx;
				SWIFT_ACTIVE_COMPILATION_CONDITIONS = DEBUG;
				SWIFT_OPTIMIZATION_LEVEL = "-Onone";
			};
			name = Debug;
		};
		7031E3E42ABD7F830027DC0A /* Release */ = {
			isa = XCBuildConfiguration;
			buildSettings = {
				ALWAYS_SEARCH_USER_PATHS = NO;
				CLANG_ANALYZER_NONNULL = YES;
				CLANG_ANALYZER_NUMBER_OBJECT_CONVERSION = YES_AGGRESSIVE;
				CLANG_CXX_LANGUAGE_STANDARD = "gnu++20";
				CLANG_ENABLE_MODULES = YES;
				CLANG_ENABLE_OBJC_ARC = YES;
				CLANG_ENABLE_OBJC_WEAK = YES;
				CLANG_WARN_BLOCK_CAPTURE_AUTORELEASING = YES;
				CLANG_WARN_BOOL_CONVERSION = YES;
				CLANG_WARN_COMMA = YES;
				CLANG_WARN_CONSTANT_CONVERSION = YES;
				CLANG_WARN_DEPRECATED_OBJC_IMPLEMENTATIONS = YES;
				CLANG_WARN_DIRECT_OBJC_ISA_USAGE = YES_ERROR;
				CLANG_WARN_DOCUMENTATION_COMMENTS = YES;
				CLANG_WARN_EMPTY_BODY = YES;
				CLANG_WARN_ENUM_CONVERSION = YES;
				CLANG_WARN_INFINITE_RECURSION = YES;
				CLANG_WARN_INT_CONVERSION = YES;
				CLANG_WARN_NON_LITERAL_NULL_CONVERSION = YES;
				CLANG_WARN_OBJC_IMPLICIT_RETAIN_SELF = YES;
				CLANG_WARN_OBJC_LITERAL_CONVERSION = YES;
				CLANG_WARN_OBJC_ROOT_CLASS = YES_ERROR;
				CLANG_WARN_QUOTED_INCLUDE_IN_FRAMEWORK_HEADER = YES;
				CLANG_WARN_RANGE_LOOP_ANALYSIS = YES;
				CLANG_WARN_STRICT_PROTOTYPES = YES;
				CLANG_WARN_SUSPICIOUS_MOVE = YES;
				CLANG_WARN_UNGUARDED_AVAILABILITY = YES_AGGRESSIVE;
				CLANG_WARN_UNREACHABLE_CODE = YES;
				CLANG_WARN__DUPLICATE_METHOD_MATCH = YES;
				COPY_PHASE_STRIP = NO;
				DEBUG_INFORMATION_FORMAT = "dwarf-with-dsym";
				ENABLE_NS_ASSERTIONS = NO;
				ENABLE_STRICT_OBJC_MSGSEND = YES;
				GCC_C_LANGUAGE_STANDARD = gnu11;
				GCC_NO_COMMON_BLOCKS = YES;
				GCC_WARN_64_TO_32_BIT_CONVERSION = YES;
				GCC_WARN_ABOUT_RETURN_TYPE = YES_ERROR;
				GCC_WARN_UNDECLARED_SELECTOR = YES;
				GCC_WARN_UNINITIALIZED_AUTOS = YES_AGGRESSIVE;
				GCC_WARN_UNUSED_FUNCTION = YES;
				GCC_WARN_UNUSED_VARIABLE = YES;
				MACOSX_DEPLOYMENT_TARGET = 12.6;
				MTL_ENABLE_DEBUG_INFO = NO;
				MTL_FAST_MATH = YES;
				SDKROOT = macosx;
				SWIFT_COMPILATION_MODE = wholemodule;
				SWIFT_OPTIMIZATION_LEVEL = "-O";
			};
			name = Release;
		};
		7031E3E62ABD7F830027DC0A /* Debug */ = {
			isa = XCBuildConfiguration;
			buildSettings = {
				CLANG_ENABLE_MODULES = YES;
				CODE_SIGN_STYLE = Automatic;
				LD_RUNPATH_SEARCH_PATHS = (
					"$(inherited)",
					"@executable_path/../Frameworks",
					"@loader_path/../Frameworks",
				);
				PRODUCT_NAME = "$(TARGET_NAME)";
				SWIFT_OPTIMIZATION_LEVEL = "-Onone";
				SWIFT_VERSION = 5.0;
			};
			name = Debug;
		};
		7031E3E72ABD7F830027DC0A /* Release */ = {
			isa = XCBuildConfiguration;
			buildSettings = {
				CLANG_ENABLE_MODULES = YES;
				CODE_SIGN_STYLE = Automatic;
				LD_RUNPATH_SEARCH_PATHS = (
					"$(inherited)",
					"@executable_path/../Frameworks",
					"@loader_path/../Frameworks",
				);
				PRODUCT_NAME = "$(TARGET_NAME)";
				SWIFT_VERSION = 5.0;
			};
			name = Release;
		};
/* End XCBuildConfiguration section */

/* Begin XCConfigurationList section */
		7031E3D92ABD7F830027DC0A /* Build configuration list for PBXProject "Algorithm" */ = {
			isa = XCConfigurationList;
			buildConfigurations = (
				7031E3E32ABD7F830027DC0A /* Debug */,
				7031E3E42ABD7F830027DC0A /* Release */,
			);
			defaultConfigurationIsVisible = 0;
			defaultConfigurationName = Release;
		};
		7031E3E52ABD7F830027DC0A /* Build configuration list for PBXNativeTarget "Algorithm" */ = {
			isa = XCConfigurationList;
			buildConfigurations = (
				7031E3E62ABD7F830027DC0A /* Debug */,
				7031E3E72ABD7F830027DC0A /* Release */,
			);
			defaultConfigurationIsVisible = 0;
			defaultConfigurationName = Release;
		};
/* End XCConfigurationList section */
	};
	rootObject = 7031E3D62ABD7F830027DC0A /* Project object */;
}
